{
    "_readme": [
        "This file locks the dependencies of your project to a known state",
        "Read more about it at https://getcomposer.org/doc/01-basic-usage.md#installing-dependencies",
        "This file is @generated automatically"
    ],
    "content-hash": "4bd5a7e7c1d71371bfc35dc401595703",
    "packages": [
        {
            "name": "chrissileinus/ansi-php",
            "version": "0.1.0",
            "source": {
                "type": "git",
                "url": "https://gitlab.com/chrissileinus/ansiPHP.git",
                "reference": "c25c3450072da5fb84092d98fcb8ca15533a535d"
            },
            "dist": {
                "type": "zip",
                "url": "https://gitlab.com/api/v4/projects/chrissileinus%2FansiPHP/repository/archive.zip?sha=c25c3450072da5fb84092d98fcb8ca15533a535d",
                "reference": "c25c3450072da5fb84092d98fcb8ca15533a535d",
                "shasum": ""
            },
            "require": {
                "php": ">=7.4"
            },
            "type": "library",
            "autoload": {
                "psr-4": {
                    "Chrissileinus\\Ansi\\": "src/"
                }
            },
            "authors": [
                {
                    "name": "chrissileinus",
                    "email": "chrissileinus@googlemail.com"
                }
            ],
            "support": {
                "issues": "https://gitlab.com/api/v4/projects/30778519/issues"
            },
            "time": "2021-11-03T06:16:53+00:00"
        }
    ],
    "packages-dev": [],
    "aliases": [],
    "minimum-stability": "stable",
    "stability-flags": [],
    "prefer-stable": false,
    "prefer-lowest": false,
    "platform": [],
    "platform-dev": [],
    "plugin-api-version": "2.1.0"
}
